
Microsoft Visual Studio Solution File, Format Version 12.00
# Visual Studio Version 17
VisualStudioVersion = 17.5.33627.172
MinimumVisualStudioVersion = 10.0.40219.1
Project("{FAE04EC0-301F-11D3-BF4B-00C04F79EFBC}") = "WhereToBingeFinal", "WhereToBingeFinal.csproj", "{392B6024-7BBA-4260-80B0-5A22613BF735}"
EndProject
Global
	GlobalSection(SolutionConfigurationPlatforms) = preSolution
		Debug|Any CPU = Debug|Any CPU
		Release|Any CPU = Release|Any CPU
	EndGlobalSection
	GlobalSection(ProjectConfigurationPlatforms) = postSolution
		{392B6024-7BBA-4260-80B0-5A22613BF735}.Debug|Any CPU.ActiveCfg = Debug|Any CPU
		{392B6024-7BBA-4260-80B0-5A22613BF735}.Debug|Any CPU.Build.0 = Debug|Any CPU
		{392B6024-7BBA-4260-80B0-5A22613BF735}.Release|Any CPU.ActiveCfg = Release|Any CPU
		{392B6024-7BBA-4260-80B0-5A22613BF735}.Release|Any CPU.Build.0 = Release|Any CPU
	EndGlobalSection
	GlobalSection(SolutionProperties) = preSolution
		HideSolutionNode = FALSE
	EndGlobalSection
	GlobalSection(ExtensibilityGlobals) = postSolution
		SolutionGuid = {CFEBF958-898C-4926-9338-9E9A43562653}
	EndGlobalSection
EndGlobal
